<?xml version="1.0" encoding="utf-8"?>
<Project ToolsVersion="4.0" xmlns="http://schemas.microsoft.com/developer/msbuild/2003">
  <ItemGroup>
    <Filter Include="리소스 파일">
      <UniqueIdentifier>{67DA6AB6-F800-4c08-8B7A-83BB121AAD01}</UniqueIdentifier>
      <Extensions>rc;ico;cur;bmp;dlg;rc2;rct;bin;rgs;gif;jpg;jpeg;jpe;resx;tiff;tif;png;wav;mfcribbon-ms</Extensions>
    </Filter>
    <Filter Include="99.defines">
      <UniqueIdentifier>{5bcbb399-0001-4edc-9449-e7e56e1110a2}</UniqueIdentifier>
    </Filter>
    <Filter Include="100.memo">
      <UniqueIdentifier>{46d95fe6-38be-45a7-9705-4dd88cf51db1}</UniqueIdentifier>
    </Filter>
    <Filter Include="00.res">
      <UniqueIdentifier>{1a2b234b-e3b4-49fc-843d-85e4fb6d890b}</UniqueIdentifier>
    </Filter>
    <Filter Include="00.res\shader">
      <UniqueIdentifier>{eee5382c-1aa5-445e-8767-1dc758473f44}</UniqueIdentifier>
    </Filter>
    <Filter Include="01.OPENGL">
      <UniqueIdentifier>{9a73e75c-3ba7-4ca6-b17b-db9c059c41ac}</UniqueIdentifier>
    </Filter>
    <Filter Include="01.OPENGL\01.Core">
      <UniqueIdentifier>{5e95f049-99d5-443b-ab83-de5aee0cfc31}</UniqueIdentifier>
    </Filter>
    <Filter Include="01.OPENGL\02.VAO">
      <UniqueIdentifier>{1c012270-b8e9-40b9-b19f-e021ad964450}</UniqueIdentifier>
    </Filter>
    <Filter Include="01.OPENGL\03.VBO">
      <UniqueIdentifier>{5ceadad5-3e26-469b-929f-e445f7c2e5f2}</UniqueIdentifier>
    </Filter>
    <Filter Include="01.OPENGL\04.IBO">
      <UniqueIdentifier>{4404a1ad-76fe-4eae-b57d-45124801e6b1}</UniqueIdentifier>
    </Filter>
    <Filter Include="01.OPENGL\05.Shader">
      <UniqueIdentifier>{af4b0a1e-e670-4d5f-b500-a474c476771a}</UniqueIdentifier>
    </Filter>
    <Filter Include="02.Object">
      <UniqueIdentifier>{2bf560c8-d426-4a7c-8bbe-47d741c06895}</UniqueIdentifier>
    </Filter>
    <Filter Include="03,Manager">
      <UniqueIdentifier>{85a7d254-0cbc-4d21-ae3e-a8673cebff75}</UniqueIdentifier>
    </Filter>
    <Filter Include="02.Object\00.Object">
      <UniqueIdentifier>{3c8f9fe8-8dad-4e39-bbef-a0e51e9b21f9}</UniqueIdentifier>
    </Filter>
    <Filter Include="02.Object\01.Shape">
      <UniqueIdentifier>{9f6e2df9-1e21-4901-9c1e-988cfdc9145f}</UniqueIdentifier>
    </Filter>
    <Filter Include="02.Object\02.실습">
      <UniqueIdentifier>{19581f8f-db17-44f8-a059-b8287384f2e6}</UniqueIdentifier>
    </Filter>
    <Filter Include="02.Object\02.실습\18번">
      <UniqueIdentifier>{0ecfeb9c-a2fe-4ef0-afcf-c3f856392ec5}</UniqueIdentifier>
    </Filter>
    <Filter Include="04.Matrix">
      <UniqueIdentifier>{84f712b1-4e15-4ee6-abf7-1df1d8269d35}</UniqueIdentifier>
    </Filter>
    <Filter Include="02.Object\02.실습\19번">
      <UniqueIdentifier>{4fbfdb86-d354-42ea-ac6c-9702e093bf7c}</UniqueIdentifier>
    </Filter>
  </ItemGroup>
  <ItemGroup>
    <ClCompile Include="src\Core.cpp">
      <Filter>01.OPENGL\01.Core</Filter>
    </ClCompile>
    <ClCompile Include="src\pch.cpp">
      <Filter>99.defines</Filter>
    </ClCompile>
    <ClCompile Include="src\VAO.cpp">
      <Filter>01.OPENGL\02.VAO</Filter>
    </ClCompile>
    <ClCompile Include="src\Utility.cpp">
      <Filter>99.defines</Filter>
    </ClCompile>
    <ClCompile Include="src\VBO.cpp">
      <Filter>01.OPENGL\03.VBO</Filter>
    </ClCompile>
    <ClCompile Include="src\IBO.cpp">
      <Filter>01.OPENGL\04.IBO</Filter>
    </ClCompile>
    <ClCompile Include="src\Shader.cpp">
      <Filter>01.OPENGL\05.Shader</Filter>
    </ClCompile>
    <ClCompile Include="src\KeyManager.cpp">
      <Filter>03,Manager</Filter>
    </ClCompile>
    <ClCompile Include="src\MouseManager.cpp">
      <Filter>03,Manager</Filter>
    </ClCompile>
    <ClCompile Include="src\Object.cpp">
      <Filter>02.Object\00.Object</Filter>
    </ClCompile>
    <ClCompile Include="src\Cube.cpp">
      <Filter>02.Object\01.Shape</Filter>
    </ClCompile>
    <ClCompile Include="src\ObjectManager.cpp">
      <Filter>03,Manager</Filter>
    </ClCompile>
    <ClCompile Include="src\Pyramid.cpp">
      <Filter>02.Object\01.Shape</Filter>
    </ClCompile>
    <ClCompile Include="src\Line.cpp">
      <Filter>02.Object\01.Shape</Filter>
    </ClCompile>
    <ClCompile Include="src\00SRT예제.cpp">
      <Filter>100.memo</Filter>
    </ClCompile>
    <ClCompile Include="src\실습18.cpp" />
    <ClCompile Include="src\Cylinder.cpp">
      <Filter>02.Object\01.Shape</Filter>
    </ClCompile>
    <ClCompile Include="src\Spiral.cpp">
      <Filter>02.Object\01.Shape</Filter>
    </ClCompile>
    <ClCompile Include="src\TimeManager.cpp">
      <Filter>03,Manager</Filter>
    </ClCompile>
    <ClCompile Include="src\cs18.cpp">
      <Filter>02.Object\02.실습\18번</Filter>
    </ClCompile>
    <ClCompile Include="src\rect18.cpp">
      <Filter>02.Object\02.실습\18번</Filter>
    </ClCompile>
    <ClCompile Include="src\matrix.cpp">
      <Filter>04.Matrix</Filter>
    </ClCompile>
    <ClCompile Include="src\tri18.cpp">
      <Filter>02.Object\02.실습\18번</Filter>
    </ClCompile>
    <ClCompile Include="src\실습19.cpp" />
    <ClCompile Include="src\ex19.cpp">
      <Filter>02.Object\02.실습\19번</Filter>
    </ClCompile>
    <ClCompile Include="src\Sphere.cpp">
      <Filter>02.Object\02.실습\19번</Filter>
    </ClCompile>
    <ClCompile Include="src\Circle.cpp">
      <Filter>02.Object\02.실습\19번</Filter>
    </ClCompile>
  </ItemGroup>
  <ItemGroup>
    <ClInclude Include="src\Core.h">
      <Filter>01.OPENGL\01.Core</Filter>
    </ClInclude>
    <ClInclude Include="src\pch.h">
      <Filter>99.defines</Filter>
    </ClInclude>
    <ClInclude Include="src\VAO.h">
      <Filter>01.OPENGL\02.VAO</Filter>
    </ClInclude>
    <ClInclude Include="src\Utility.h">
      <Filter>99.defines</Filter>
    </ClInclude>
    <ClInclude Include="src\VBO.h">
      <Filter>01.OPENGL\03.VBO</Filter>
    </ClInclude>
    <ClInclude Include="src\IBO.h">
      <Filter>01.OPENGL\04.IBO</Filter>
    </ClInclude>
    <ClInclude Include="src\Shader.h">
      <Filter>01.OPENGL\05.Shader</Filter>
    </ClInclude>
    <ClInclude Include="src\Types.h">
      <Filter>99.defines</Filter>
    </ClInclude>
    <ClInclude Include="src\KeyManager.h">
      <Filter>03,Manager</Filter>
    </ClInclude>
    <ClInclude Include="src\enum.h">
      <Filter>99.defines</Filter>
    </ClInclude>
    <ClInclude Include="src\MouseManager.h">
      <Filter>03,Manager</Filter>
    </ClInclude>
    <ClInclude Include="src\Object.h">
      <Filter>02.Object\00.Object</Filter>
    </ClInclude>
    <ClInclude Include="src\Cube.h">
      <Filter>02.Object\01.Shape</Filter>
    </ClInclude>
    <ClInclude Include="src\VertexBufferLayout.h">
      <Filter>01.OPENGL\02.VAO</Filter>
    </ClInclude>
    <ClInclude Include="src\ObjectManager.h">
      <Filter>03,Manager</Filter>
    </ClInclude>
    <ClInclude Include="src\Pyramid.h">
      <Filter>02.Object\01.Shape</Filter>
    </ClInclude>
    <ClInclude Include="src\Line.h">
      <Filter>02.Object\01.Shape</Filter>
    </ClInclude>
    <ClInclude Include="src\Cylinder.h">
      <Filter>02.Object\01.Shape</Filter>
    </ClInclude>
    <ClInclude Include="src\Spiral.h">
      <Filter>02.Object\01.Shape</Filter>
    </ClInclude>
    <ClInclude Include="src\TimeManager.h">
      <Filter>03,Manager</Filter>
    </ClInclude>
    <ClInclude Include="src\cs18.h">
      <Filter>02.Object\02.실습\18번</Filter>
    </ClInclude>
    <ClInclude Include="src\rect18.h">
      <Filter>02.Object\02.실습\18번</Filter>
    </ClInclude>
    <ClInclude Include="src\matrix.h">
      <Filter>04.Matrix</Filter>
    </ClInclude>
    <ClInclude Include="src\tri18.h">
      <Filter>02.Object\02.실습\18번</Filter>
    </ClInclude>
    <ClInclude Include="src\ex19.h">
      <Filter>02.Object\02.실습\19번</Filter>
    </ClInclude>
    <ClInclude Include="src\Sphere.h">
      <Filter>02.Object\02.실습\19번</Filter>
    </ClInclude>
    <ClInclude Include="src\Circle.h">
      <Filter>02.Object\02.실습\19번</Filter>
    </ClInclude>
  </ItemGroup>
  <ItemGroup>
    <Text Include="자주사용하는코드.txt">
      <Filter>100.memo</Filter>
    </Text>
  </ItemGroup>
  <ItemGroup>
    <None Include="res\shader\Shader1.fs">
      <Filter>00.res\shader</Filter>
    </None>
    <None Include="res\shader\Shader1.vs">
      <Filter>00.res\shader</Filter>
    </None>
    <None Include="res\shader\Shader2.fs">
      <Filter>00.res\shader</Filter>
    </None>
    <None Include="res\shader\Shader2.vs">
      <Filter>00.res\shader</Filter>
    </None>
    <None Include="res\shader\mvp.vs">
      <Filter>00.res\shader</Filter>
    </None>
    <None Include="res\shader\mvp.fs">
      <Filter>00.res\shader</Filter>
    </None>
    <None Include="res\shader\shader_19.vs">
      <Filter>00.res\shader</Filter>
    </None>
    <None Include="res\shader\shader_19.fs">
      <Filter>00.res\shader</Filter>
    </None>
  </ItemGroup>
</Project>